// !$*UTF8*$!
{
	archiveVersion = 1;
	classes = {
	};
	objectVersion = 48;
	objects = {

/* Begin PBXBuildFile section */
		D26C98D71FBA440B004DEAFD /* AppDelegate.swift in Sources */ = {isa = PBXBuildFile; fileRef = D26C98D61FBA440B004DEAFD /* AppDelegate.swift */; };
		D26C98D91FBA440B004DEAFD /* ViewController.swift in Sources */ = {isa = PBXBuildFile; fileRef = D26C98D81FBA440B004DEAFD /* ViewController.swift */; };
		D26C98DC1FBA440B004DEAFD /* Main.storyboard in Resources */ = {isa = PBXBuildFile; fileRef = D26C98DA1FBA440B004DEAFD /* Main.storyboard */; };
		D26C98DE1FBA440B004DEAFD /* Assets.xcassets in Resources */ = {isa = PBXBuildFile; fileRef = D26C98DD1FBA440B004DEAFD /* Assets.xcassets */; };
		D26C98E11FBA440B004DEAFD /* LaunchScreen.storyboard in Resources */ = {isa = PBXBuildFile; fileRef = D26C98DF1FBA440B004DEAFD /* LaunchScreen.storyboard */; };
		D26C98EC1FBA440B004DEAFD /* CurrencyConverterTests.swift in Sources */ = {isa = PBXBuildFile; fileRef = D26C98EB1FBA440B004DEAFD /* CurrencyConverterTests.swift */; };
		D26C98F71FBA4A2F004DEAFD /* pound-yen-euro-dollar.png in Resources */ = {isa = PBXBuildFile; fileRef = D26C98F61FBA4A2F004DEAFD /* pound-yen-euro-dollar.png */; };
/* End PBXBuildFile section */

/* Begin PBXContainerItemProxy section */
		D26C98E81FBA440B004DEAFD /* PBXContainerItemProxy */ = {
			isa = PBXContainerItemProxy;
			containerPortal = D26C98CB1FBA440B004DEAFD /* Project object */;
			proxyType = 1;
			remoteGlobalIDString = D26C98D21FBA440B004DEAFD;
			remoteInfo = CurrencyConverter;
		};
/* End PBXContainerItemProxy section */

/* Begin PBXFileReference section */
		D26C98D31FBA440B004DEAFD /* CurrencyConverter.app */ = {isa = PBXFileReference; explicitFileType = wrapper.application; includeInIndex = 0; path = CurrencyConverter.app; sourceTree = BUILT_PRODUCTS_DIR; };
		D26C98D61FBA440B004DEAFD /* AppDelegate.swift */ = {isa = PBXFileReference; lastKnownFileType = sourcecode.swift; path = AppDelegate.swift; sourceTree = "<group>"; };
		D26C98D81FBA440B004DEAFD /* ViewController.swift */ = {isa = PBXFileReference; lastKnownFileType = sourcecode.swift; path = ViewController.swift; sourceTree = "<group>"; };
		D26C98DB1FBA440B004DEAFD /* Base */ = {isa = PBXFileReference; lastKnownFileType = file.storyboard; name = Base; path = Base.lproj/Main.storyboard; sourceTree = "<group>"; };
		D26C98DD1FBA440B004DEAFD /* Assets.xcassets */ = {isa = PBXFileReference; lastKnownFileType = folder.assetcatalog; path = Assets.xcassets; sourceTree = "<group>"; };
		D26C98E01FBA440B004DEAFD /* Base */ = {isa = PBXFileReference; lastKnownFileType = file.storyboard; name = Base; path = Base.lproj/LaunchScreen.storyboard; sourceTree = "<group>"; };
		D26C98E21FBA440B004DEAFD /* Info.plist */ = {isa = PBXFileReference; lastKnownFileType = text.plist.xml; path = Info.plist; sourceTree = "<group>"; };
		D26C98E71FBA440B004DEAFD /* CurrencyConverterTests.xctest */ = {isa = PBXFileReference; explicitFileType = wrapper.cfbundle; includeInIndex = 0; path = CurrencyConverterTests.xctest; sourceTree = BUILT_PRODUCTS_DIR; };
		D26C98EB1FBA440B004DEAFD /* CurrencyConverterTests.swift */ = {isa = PBXFileReference; lastKnownFileType = sourcecode.swift; path = CurrencyConverterTests.swift; sourceTree = "<group>"; };
		D26C98ED1FBA440B004DEAFD /* Info.plist */ = {isa = PBXFileReference; lastKnownFileType = text.plist.xml; path = Info.plist; sourceTree = "<group>"; };
		D26C98F61FBA4A2F004DEAFD /* pound-yen-euro-dollar.png */ = {isa = PBXFileReference; lastKnownFileType = image.png; path = "pound-yen-euro-dollar.png"; sourceTree = "<group>"; };
/* End PBXFileReference section */

/* Begin PBXFrameworksBuildPhase section */
		D26C98D01FBA440B004DEAFD /* Frameworks */ = {
			isa = PBXFrameworksBuildPhase;
			buildActionMask = 2147483647;
			files = (
			);
			runOnlyForDeploymentPostprocessing = 0;
		};
		D26C98E41FBA440B004DEAFD /* Frameworks */ = {
			isa = PBXFrameworksBuildPhase;
			buildActionMask = 2147483647;
			files = (
			);
			runOnlyForDeploymentPostprocessing = 0;
		};
/* End PBXFrameworksBuildPhase section */

/* Begin PBXGroup section */
		D26C98CA1FBA440B004DEAFD = {
			isa = PBXGroup;
			children = (
				D26C98D51FBA440B004DEAFD /* CurrencyConverter */,
				D26C98EA1FBA440B004DEAFD /* CurrencyConverterTests */,
				D26C98D41FBA440B004DEAFD /* Products */,
			);
			sourceTree = "<group>";
		};
		D26C98D41FBA440B004DEAFD /* Products */ = {
			isa = PBXGroup;
			children = (
				D26C98D31FBA440B004DEAFD /* CurrencyConverter.app */,
				D26C98E71FBA440B004DEAFD /* CurrencyConverterTests.xctest */,
			);
			name = Products;
			sourceTree = "<group>";
		};
		D26C98D51FBA440B004DEAFD /* CurrencyConverter */ = {
			isa = PBXGroup;
			children = (
				D26C98D61FBA440B004DEAFD /* AppDelegate.swift */,
				D26C98D81FBA440B004DEAFD /* ViewController.swift */,
				D26C98DA1FBA440B004DEAFD /* Main.storyboard */,
				D26C98DD1FBA440B004DEAFD /* Assets.xcassets */,
				D26C98DF1FBA440B004DEAFD /* LaunchScreen.storyboard */,
				D26C98F61FBA4A2F004DEAFD /* pound-yen-euro-dollar.png */,
				D26C98E21FBA440B004DEAFD /* Info.plist */,
			);
			path = CurrencyConverter;
			sourceTree = "<group>";
		};
		D26C98EA1FBA440B004DEAFD /* CurrencyConverterTests */ = {
			isa = PBXGroup;
			children = (
				D26C98EB1FBA440B004DEAFD /* CurrencyConverterTests.swift */,
				D26C98ED1FBA440B004DEAFD /* Info.plist */,
			);
			path = CurrencyConverterTests;
			sourceTree = "<group>";
		};
/* End PBXGroup section */

/* Begin PBXNativeTarget section */
		D26C98D21FBA440B004DEAFD /* CurrencyConverter */ = {
			isa = PBXNativeTarget;
			buildConfigurationList = D26C98F01FBA440B004DEAFD /* Build configuration list for PBXNativeTarget "CurrencyConverter" */;
			buildPhases = (
				D26C98CF1FBA440B004DEAFD /* Sources */,
				D26C98D01FBA440B004DEAFD /* Frameworks */,
				D26C98D11FBA440B004DEAFD /* Resources */,
			);
			buildRules = (
			);
			dependencies = (
			);
			name = CurrencyConverter;
			productName = CurrencyConverter;
			productReference = D26C98D31FBA440B004DEAFD /* CurrencyConverter.app */;
			productType = "com.apple.product-type.application";
		};
		D26C98E61FBA440B004DEAFD /* CurrencyConverterTests */ = {
			isa = PBXNativeTarget;
			buildConfigurationList = D26C98F31FBA440B004DEAFD /* Build configuration list for PBXNativeTarget "CurrencyConverterTests" */;
			buildPhases = (
				D26C98E31FBA440B004DEAFD /* Sources */,
				D26C98E41FBA440B004DEAFD /* Frameworks */,
				D26C98E51FBA440B004DEAFD /* Resources */,
			);
			buildRules = (
			);
			dependencies = (
				D26C98E91FBA440B004DEAFD /* PBXTargetDependency */,
			);
			name = CurrencyConverterTests;
			productName = CurrencyConverterTests;
			productReference = D26C98E71FBA440B004DEAFD /* CurrencyConverterTests.xctest */;
			productType = "com.apple.product-type.bundle.unit-test";
		};
/* End PBXNativeTarget section */

/* Begin PBXProject section */
		D26C98CB1FBA440B004DEAFD /* Project object */ = {
			isa = PBXProject;
			attributes = {
				LastSwiftUpdateCheck = 0910;
				LastUpgradeCheck = 0910;
				ORGANIZATIONNAME = "Robert Berry";
				TargetAttributes = {
					D26C98D21FBA440B004DEAFD = {
						CreatedOnToolsVersion = 9.1;
						ProvisioningStyle = Automatic;
					};
					D26C98E61FBA440B004DEAFD = {
						CreatedOnToolsVersion = 9.1;
						ProvisioningStyle = Automatic;
						TestTargetID = D26C98D21FBA440B004DEAFD;
					};
				};
			};
			buildConfigurationList = D26C98CE1FBA440B004DEAFD /* Build configuration list for PBXProject "CurrencyConverter" */;
			compatibilityVersion = "Xcode 8.0";
			developmentRegion = en;
			hasScannedForEncodings = 0;
			knownRegions = (
				en,
				Base,
			);
			mainGroup = D26C98CA1FBA440B004DEAFD;
			productRefGroup = D26C98D41FBA440B004DEAFD /* Products */;
			projectDirPath = "";
			projectRoot = "";
			targets = (
				D26C98D21FBA440B004DEAFD /* CurrencyConverter */,
				D26C98E61FBA440B004DEAFD /* CurrencyConverterTests */,
			);
		};
/* End PBXProject section */

/* Begin PBXResourcesBuildPhase section */
		D26C98D11FBA440B004DEAFD /* Resources */ = {
			isa = PBXResourcesBuildPhase;
			buildActionMask = 2147483647;
			files = (
				D26C98E11FBA440B004DEAFD /* LaunchScreen.storyboard in Resources */,
				D26C98DE1FBA440B004DEAFD /* Assets.xcassets in Resources */,
				D26C98F71FBA4A2F004DEAFD /* pound-yen-euro-dollar.png in Resources */,
				D26C98DC1FBA440B004DEAFD /* Main.storyboard in Resources */,
			);
			runOnlyForDeploymentPostprocessing = 0;
		};
		D26C98E51FBA440B004DEAFD /* Resources */ = {
			isa = PBXResourcesBuildPhase;
			buildActionMask = 2147483647;
			files = (
			);
			runOnlyForDeploymentPostprocessing = 0;
		};
/* End PBXResourcesBuildPhase section */

/* Begin PBXSourcesBuildPhase section */
		D26C98CF1FBA440B004DEAFD /* Sources */ = {
			isa = PBXSourcesBuildPhase;
			buildActionMask = 2147483647;
			files = (
				D26C98D91FBA440B004DEAFD /* ViewController.swift in Sources */,
				D26C98D71FBA440B004DEAFD /* AppDelegate.swift in Sources */,
			);
			runOnlyForDeploymentPostprocessing = 0;
		};
		D26C98E31FBA440B004DEAFD /* Sources */ = {
			isa = PBXSourcesBuildPhase;
			buildActionMask = 2147483647;
			files = (
				D26C98EC1FBA440B004DEAFD /* CurrencyConverterTests.swift in Sources */,
			);
			runOnlyForDeploymentPostprocessing = 0;
		};
/* End PBXSourcesBuildPhase section */

/* Begin PBXTargetDependency section */
		D26C98E91FBA440B004DEAFD /* PBXTargetDependency */ = {
			isa = PBXTargetDependency;
			target = D26C98D21FBA440B004DEAFD /* CurrencyConverter */;
			targetProxy = D26C98E81FBA440B004DEAFD /* PBXContainerItemProxy */;
		};
/* End PBXTargetDependency section */

/* Begin PBXVariantGroup section */
		D26C98DA1FBA440B004DEAFD /* Main.storyboard */ = {
			isa = PBXVariantGroup;
			children = (
				D26C98DB1FBA440B004DEAFD /* Base */,
			);
			name = Main.storyboard;
			sourceTree = "<group>";
		};
		D26C98DF1FBA440B004DEAFD /* LaunchScreen.storyboard */ = {
			isa = PBXVariantGroup;
			children = (
				D26C98E01FBA440B004DEAFD /* Base */,
			);
			name = LaunchScreen.storyboard;
			sourceTree = "<group>";
		};
/* End PBXVariantGroup section */

/* Begin XCBuildConfiguration section */
		D26C98EE1FBA440B004DEAFD /* Debug */ = {
			isa = XCBuildConfiguration;
			buildSettings = {
				ALWAYS_SEARCH_USER_PATHS = NO;
				CLANG_ANALYZER_NONNULL = YES;
				CLANG_ANALYZER_NUMBER_OBJECT_CONVERSION = YES_AGGRESSIVE;
				CLANG_CXX_LANGUAGE_STANDARD = "gnu++14";
				CLANG_CXX_LIBRARY = "libc++";
				CLANG_ENABLE_MODULES = YES;
				CLANG_ENABLE_OBJC_ARC = YES;
				CLANG_WARN_BLOCK_CAPTURE_AUTORELEASING = YES;
				CLANG_WARN_BOOL_CONVERSION = YES;
				CLANG_WARN_COMMA = YES;
				CLANG_WARN_CONSTANT_CONVERSION = YES;
				CLANG_WARN_DIRECT_OBJC_ISA_USAGE = YES_ERROR;
				CLANG_WARN_DOCUMENTATION_COMMENTS = YES;
				CLANG_WARN_EMPTY_BODY = YES;
				CLANG_WARN_ENUM_CONVERSION = YES;
				CLANG_WARN_INFINITE_RECURSION = YES;
				CLANG_WARN_INT_CONVERSION = YES;
				CLANG_WARN_NON_LITERAL_NULL_CONVERSION = YES;
				CLANG_WARN_OBJC_LITERAL_CONVERSION = YES;
				CLANG_WARN_OBJC_ROOT_CLASS = YES_ERROR;
				CLANG_WARN_RANGE_LOOP_ANALYSIS = YES;
				CLANG_WARN_STRICT_PROTOTYPES = YES;
				CLANG_WARN_SUSPICIOUS_MOVE = YES;
				CLANG_WARN_UNGUARDED_AVAILABILITY = YES_AGGRESSIVE;
				CLANG_WARN_UNREACHABLE_CODE = YES;
				CLANG_WARN__DUPLICATE_METHOD_MATCH = YES;
				CODE_SIGN_IDENTITY = "iPhone Developer";
				COPY_PHASE_STRIP = NO;
				DEBUG_INFORMATION_FORMAT = dwarf;
				ENABLE_STRICT_OBJC_MSGSEND = YES;
				ENABLE_TESTABILITY = YES;
				GCC_C_LANGUAGE_STANDARD = gnu11;
				GCC_DYNAMIC_NO_PIC = NO;
				GCC_NO_COMMON_BLOCKS = YES;
				GCC_OPTIMIZATION_LEVEL = 0;
				GCC_PREPROCESSOR_DEFINITIONS = (
					"DEBUG=1",
					"$(inherited)",
				);
				GCC_WARN_64_TO_32_BIT_CONVERSION = YES;
				GCC_WARN_ABOUT_RETURN_TYPE = YES_ERROR;
				GCC_WARN_UNDECLARED_SELECTOR = YES;
				GCC_WARN_UNINITIALIZED_AUTOS = YES_AGGRESSIVE;
				GCC_WARN_UNUSED_FUNCTION = YES;
				GCC_WARN_UNUSED_VARIABLE = YES;
				IPHONEOS_DEPLOYMENT_TARGET = 11.1;
				MTL_ENABLE_DEBUG_INFO = YES;
				ONLY_ACTIVE_ARCH = YES;
				SDKROOT = iphoneos;
				SWIFT_ACTIVE_COMPILATION_CONDITIONS = DEBUG;
				SWIFT_OPTIMIZATION_LEVEL = "-Onone";
			};
			name = Debug;
		};
		D26C98EF1FBA440B004DEAFD /* Release */ = {
			isa = XCBuildConfiguration;
			buildSettings = {
				ALWAYS_SEARCH_USER_PATHS = NO;
				CLANG_ANALYZER_NONNULL = YES;
				CLANG_ANALYZER_NUMBER_OBJECT_CONVERSION = YES_AGGRESSIVE;
				CLANG_CXX_LANGUAGE_STANDARD = "gnu++14";
				CLANG_CXX_LIBRARY = "libc++";
				CLANG_ENABLE_MODULES = YES;
				CLANG_ENABLE_OBJC_ARC = YES;
				CLANG_WARN_BLOCK_CAPTURE_AUTORELEASING = YES;
				CLANG_WARN_BOOL_CONVERSION = YES;
				CLANG_WARN_COMMA = YES;
				CLANG_WARN_CONSTANT_CONVERSION = YES;
				CLANG_WARN_DIRECT_OBJC_ISA_USAGE = YES_ERROR;
				CLANG_WARN_DOCUMENTATION_COMMENTS = YES;
				CLANG_WARN_EMPTY_BODY = YES;
				CLANG_WARN_ENUM_CONVERSION = YES;
				CLANG_WARN_INFINITE_RECURSION = YES;
				CLANG_WARN_INT_CONVERSION = YES;
				CLANG_WARN_NON_LITERAL_NULL_CONVERSION = YES;
				CLANG_WARN_OBJC_LITERAL_CONVERSION = YES;
				CLANG_WARN_OBJC_ROOT_CLASS = YES_ERROR;
				CLANG_WARN_RANGE_LOOP_ANALYSIS = YES;
				CLANG_WARN_STRICT_PROTOTYPES = YES;
				CLANG_WARN_SUSPICIOUS_MOVE = YES;
				CLANG_WARN_UNGUARDED_AVAILABILITY = YES_AGGRESSIVE;
				CLANG_WARN_UNREACHABLE_CODE = YES;
				CLANG_WARN__DUPLICATE_METHOD_MATCH = YES;
				CODE_SIGN_IDENTITY = "iPhone Developer";
				COPY_PHASE_STRIP = NO;
				DEBUG_INFORMATION_FORMAT = "dwarf-with-dsym";
				ENABLE_NS_ASSERTIONS = NO;
				ENABLE_STRICT_OBJC_MSGSEND = YES;
				GCC_C_LANGUAGE_STANDARD = gnu11;
				GCC_NO_COMMON_BLOCKS = YES;
				GCC_WARN_64_TO_32_BIT_CONVERSION = YES;
				GCC_WARN_ABOUT_RETURN_TYPE = YES_ERROR;
				GCC_WARN_UNDECLARED_SELECTOR = YES;
				GCC_WARN_UNINITIALIZED_AUTOS = YES_AGGRESSIVE;
				GCC_WARN_UNUSED_FUNCTION = YES;
				GCC_WARN_UNUSED_VARIABLE = YES;
				IPHONEOS_DEPLOYMENT_TARGET = 11.1;
				MTL_ENABLE_DEBUG_INFO = NO;
				SDKROOT = iphoneos;
				SWIFT_OPTIMIZATION_LEVEL = "-Owholemodule";
				VALIDATE_PRODUCT = YES;
			};
			name = Release;
		};
		D26C98F11FBA440B004DEAFD /* Debug */ = {
			isa = XCBuildConfiguration;
			buildSettings = {
				ASSETCATALOG_COMPILER_APPICON_NAME = AppIcon;
				CODE_SIGN_STYLE = Automatic;
				INFOPLIST_FILE = CurrencyConverter/Info.plist;
				LD_RUNPATH_SEARCH_PATHS = "$(inherited) @executable_path/Frameworks";
				PRODUCT_BUNDLE_IDENTIFIER = com.berryenterprises.CurrencyConverter;
				PRODUCT_NAME = "$(TARGET_NAME)";
				SWIFT_VERSION = 4.0;
				TARGETED_DEVICE_FAMILY = "1,2";
			};
			name = Debug;
		};
		D26C98F21FBA440B004DEAFD /* Release */ = {
			isa = XCBuildConfiguration;
			buildSettings = {
				ASSETCATALOG_COMPILER_APPICON_NAME = AppIcon;
				CODE_SIGN_STYLE = Automatic;
				INFOPLIST_FILE = CurrencyConverter/Info.plist;
				LD_RUNPATH_SEARCH_PATHS = "$(inherited) @executable_path/Frameworks";
				PRODUCT_BUNDLE_IDENTIFIER = com.berryenterprises.CurrencyConverter;
				PRODUCT_NAME = "$(TARGET_NAME)";
				SWIFT_VERSION = 4.0;
				TARGETED_DEVICE_FAMILY = "1,2";
			};
			name = Release;
		};
		D26C98F41FBA440B004DEAFD /* Debug */ = {
			isa = XCBuildConfiguration;
			buildSettings = {
				ALWAYS_EMBED_SWIFT_STANDARD_LIBRARIES = YES;
				BUNDLE_LOADER = "$(TEST_HOST)";
				CODE_SIGN_STYLE = Automatic;
				INFOPLIST_FILE = CurrencyConverterTests/Info.plist;
				LD_RUNPATH_SEARCH_PATHS = "$(inherited) @executable_path/Frameworks @loader_path/Frameworks";
				PRODUCT_BUNDLE_IDENTIFIER = com.berryenterprises.CurrencyConverterTests;
				PRODUCT_NAME = "$(TARGET_NAME)";
				SWIFT_VERSION = 4.0;
				TARGETED_DEVICE_FAMILY = "1,2";
				TEST_HOST = "$(BUILT_PRODUCTS_DIR)/CurrencyConverter.app/CurrencyConverter";
			};
			name = Debug;
		};
		D26C98F51FBA440B004DEAFD /* Release */ = {
			isa = XCBuildConfiguration;
			buildSettings = {
				ALWAYS_EMBED_SWIFT_STANDARD_LIBRARIES = YES;
				BUNDLE_LOADER = "$(TEST_HOST)";
				CODE_SIGN_STYLE = Automatic;
				INFOPLIST_FILE = CurrencyConverterTests/Info.plist;
				LD_RUNPATH_SEARCH_PATHS = "$(inherited) @executable_path/Frameworks @loader_path/Frameworks";
				PRODUCT_BUNDLE_IDENTIFIER = com.berryenterprises.CurrencyConverterTests;
				PRODUCT_NAME = "$(TARGET_NAME)";
				SWIFT_VERSION = 4.0;
				TARGETED_DEVICE_FAMILY = "1,2";
				TEST_HOST = "$(BUILT_PRODUCTS_DIR)/CurrencyConverter.app/CurrencyConverter";
			};
			name = Release;
		};
/* End XCBuildConfiguration section */

/* Begin XCConfigurationList section */
		D26C98CE1FBA440B004DEAFD /* Build configuration list for PBXProject "CurrencyConverter" */ = {
			isa = XCConfigurationList;
			buildConfigurations = (
				D26C98EE1FBA440B004DEAFD /* Debug */,
				D26C98EF1FBA440B004DEAFD /* Release */,
			);
			defaultConfigurationIsVisible = 0;
			defaultConfigurationName = Release;
		};
		D26C98F01FBA440B004DEAFD /* Build configuration list for PBXNativeTarget "CurrencyConverter" */ = {
			isa = XCConfigurationList;
			buildConfigurations = (
				D26C98F11FBA440B004DEAFD /* Debug */,
				D26C98F21FBA440B004DEAFD /* Release */,
			);
			defaultConfigurationIsVisible = 0;
			defaultConfigurationName = Release;
		};
		D26C98F31FBA440B004DEAFD /* Build configuration list for PBXNativeTarget "CurrencyConverterTests" */ = {
			isa = XCConfigurationList;
			buildConfigurations = (
				D26C98F41FBA440B004DEAFD /* Debug */,
				D26C98F51FBA440B004DEAFD /* Release */,
			);
			defaultConfigurationIsVisible = 0;
			defaultConfigurationName = Release;
		};
/* End XCConfigurationList section */
	};
	rootObject = D26C98CB1FBA440B004DEAFD /* Project object */;
}
